
Microsoft Visual Studio Solution File, Format Version 12.00
# Visual Studio Version 16
VisualStudioVersion = 16.0.32002.261
MinimumVisualStudioVersion = 10.0.40219.1
Project("{FAE04EC0-301F-11D3-BF4B-00C04F79EFBC}") = "SubscriptionReceiver", "SubscriptionReceiver.csproj", "{0D082157-D040-4B8C-9B76-75318C46F13E}"
EndProject
Global
	GlobalSection(SolutionConfigurationPlatforms) = preSolution
		Debug|Any CPU = Debug|Any CPU
		Release|Any CPU = Release|Any CPU
	EndGlobalSection
	GlobalSection(ProjectConfigurationPlatforms) = postSolution
		{0D082157-D040-4B8C-9B76-75318C46F13E}.Debug|Any CPU.ActiveCfg = Debug|Any CPU
		{0D082157-D040-4B8C-9B76-75318C46F13E}.Debug|Any CPU.Build.0 = Debug|Any CPU
		{0D082157-D040-4B8C-9B76-75318C46F13E}.Release|Any CPU.ActiveCfg = Release|Any CPU
		{0D082157-D040-4B8C-9B76-75318C46F13E}.Release|Any CPU.Build.0 = Release|Any CPU
	EndGlobalSection
	GlobalSection(SolutionProperties) = preSolution
		HideSolutionNode = FALSE
	EndGlobalSection
	GlobalSection(ExtensibilityGlobals) = postSolution
		SolutionGuid = {E4874429-C473-4CB6-A4F5-FEB13F524A8C}
	EndGlobalSection
EndGlobal
